{
  "requires": true,
  "lockfileVersion": 1,
  "dependencies": {
    "dtml.sdk": {
      "version": "1.0.0",
      "resolved": "https://registry.npmjs.org/dtml.sdk/-/dtml.sdk-1.0.0.tgz",
      "integrity": "sha512-AajVT8O/ONNw1Cc+0o2J8kZjRiRkwY+V0pD9c86qCI+pXeyblvluRUdRCvgWHnmlLCs2e46ORK3VAyxAgdQmZA=="
    }
  }
}
